# This file was autogenerated by Stack.
# You should not edit this file by hand.
# For more information, please see the documentation at:
#   https://docs.haskellstack.org/en/stable/lock_files

packages:
- completed:
    hackage: blake2-0.3.0@sha256:7ef18127a23d0246efd97cc8146613e66f917abb0f4af4d2c1bc9ed5b26a835f,2930
    pantry-tree:
      size: 2230
      sha256: 26812b71aa33fe6dff15172b020e6593e85a305df832c3d81af1d843c0afd195
  original:
    hackage: blake2-0.3.0
- completed:
    hackage: bytestring-0.10.8.2@sha256:0a58355cb91bc9930f951a6d14f5fb4a6022647c3aab2b7223e888843bb6a832,8921
    pantry-tree:
      size: 2788
      sha256: 5ebb0fddb2f9cdf4a295bbb610279ba7651547355d882942ad08c62efb00183c
  original:
    hackage: bytestring-0.10.8.2
snapshots:
- completed:
    size: 499889
    url: https://raw.githubusercontent.com/commercialhaskell/stackage-snapshots/master/lts/13/26.yaml
    sha256: ecb02ee16829df8d7219e7d7fe6c310819820bf335b0b9534bce84d3ea896684
  original: lts-13.26
